
Microsoft Visual Studio Solution File, Format Version 12.00
# Visual Studio Version 16
VisualStudioVersion = 16.0.29709.97
MinimumVisualStudioVersion = 10.0.40219.1
Project("{FAE04EC0-301F-11D3-BF4B-00C04F79EFBC}") = "DeviceWakeUpManager", "DeviceWakeUpManager\DeviceWakeUpManager.csproj", "{64B404BB-956F-443C-956D-B3605169A844}"
EndProject
Project("{2150E333-8FDC-42A3-9474-1A3956D46DE8}") = "Solution Items", "Solution Items", "{1B25FDAB-7905-47DD-A6DF-E5AED6B57897}"
	ProjectSection(SolutionItems) = preProject
		commandFunction.cs = commandFunction.cs
		commonSet.cs = commonSet.cs
	EndProjectSection
EndProject
Global
	GlobalSection(SolutionConfigurationPlatforms) = preSolution
		Debug|Any CPU = Debug|Any CPU
		Release|Any CPU = Release|Any CPU
	EndGlobalSection
	GlobalSection(ProjectConfigurationPlatforms) = postSolution
		{64B404BB-956F-443C-956D-B3605169A844}.Debug|Any CPU.ActiveCfg = Debug|Any CPU
		{64B404BB-956F-443C-956D-B3605169A844}.Debug|Any CPU.Build.0 = Debug|Any CPU
		{64B404BB-956F-443C-956D-B3605169A844}.Release|Any CPU.ActiveCfg = Release|Any CPU
		{64B404BB-956F-443C-956D-B3605169A844}.Release|Any CPU.Build.0 = Release|Any CPU
	EndGlobalSection
	GlobalSection(SolutionProperties) = preSolution
		HideSolutionNode = FALSE
	EndGlobalSection
	GlobalSection(ExtensibilityGlobals) = postSolution
		SolutionGuid = {37DAE43B-216B-4D41-A7E4-172BE70ABF69}
	EndGlobalSection
EndGlobal
